
Microsoft Visual Studio Solution File, Format Version 12.00
# Visual Studio 15
VisualStudioVersion = 15.0.27703.2026
MinimumVisualStudioVersion = 10.0.40219.1
Project("{FAE04EC0-301F-11D3-BF4B-00C04F79EFBC}") = "StreamingEasyTest", "StreamingEasyTest\StreamingEasyTest.csproj", "{57B88976-8066-4DED-B869-A536FE597272}"
EndProject
Global
	GlobalSection(SolutionConfigurationPlatforms) = preSolution
		Debug|Any CPU = Debug|Any CPU
		Release|Any CPU = Release|Any CPU
	EndGlobalSection
	GlobalSection(ProjectConfigurationPlatforms) = postSolution
		{57B88976-8066-4DED-B869-A536FE597272}.Debug|Any CPU.ActiveCfg = Debug|Any CPU
		{57B88976-8066-4DED-B869-A536FE597272}.Debug|Any CPU.Build.0 = Debug|Any CPU
		{57B88976-8066-4DED-B869-A536FE597272}.Release|Any CPU.ActiveCfg = Release|Any CPU
		{57B88976-8066-4DED-B869-A536FE597272}.Release|Any CPU.Build.0 = Release|Any CPU
	EndGlobalSection
	GlobalSection(SolutionProperties) = preSolution
		HideSolutionNode = FALSE
	EndGlobalSection
	GlobalSection(ExtensibilityGlobals) = postSolution
		SolutionGuid = {29C865AA-3FAF-4D5D-BC45-7349A7EE7E8A}
	EndGlobalSection
EndGlobal
